
Microsoft Visual Studio Solution File, Format Version 12.00
# Visual Studio Version 17
VisualStudioVersion = 17.5.33414.496
MinimumVisualStudioVersion = 10.0.40219.1
Project("{8BC9CEB8-8B4A-11D0-8D11-00A0C91BC942}") = "Classwork2", "Classwork2.vcxproj", "{D2454B1E-8100-4A59-9A30-6B69075E1FB9}"
EndProject
Project("{8BC9CEB8-8B4A-11D0-8D11-00A0C91BC942}") = "Tests", "Tests\Tests.vcxproj", "{B0C1B8BB-2A73-403B-8830-417A3CD95A43}"
EndProject
Global
	GlobalSection(SolutionConfigurationPlatforms) = preSolution
		Debug|x64 = Debug|x64
		Debug|x86 = Debug|x86
		Release|x64 = Release|x64
		Release|x86 = Release|x86
	EndGlobalSection
	GlobalSection(ProjectConfigurationPlatforms) = postSolution
		{D2454B1E-8100-4A59-9A30-6B69075E1FB9}.Debug|x64.ActiveCfg = Debug|x64
		{D2454B1E-8100-4A59-9A30-6B69075E1FB9}.Debug|x64.Build.0 = Debug|x64
		{D2454B1E-8100-4A59-9A30-6B69075E1FB9}.Debug|x86.ActiveCfg = Debug|Win32
		{D2454B1E-8100-4A59-9A30-6B69075E1FB9}.Debug|x86.Build.0 = Debug|Win32
		{D2454B1E-8100-4A59-9A30-6B69075E1FB9}.Release|x64.ActiveCfg = Release|x64
		{D2454B1E-8100-4A59-9A30-6B69075E1FB9}.Release|x64.Build.0 = Release|x64
		{D2454B1E-8100-4A59-9A30-6B69075E1FB9}.Release|x86.ActiveCfg = Release|Win32
		{D2454B1E-8100-4A59-9A30-6B69075E1FB9}.Release|x86.Build.0 = Release|Win32
		{B0C1B8BB-2A73-403B-8830-417A3CD95A43}.Debug|x64.ActiveCfg = Debug|x64
		{B0C1B8BB-2A73-403B-8830-417A3CD95A43}.Debug|x64.Build.0 = Debug|x64
		{B0C1B8BB-2A73-403B-8830-417A3CD95A43}.Debug|x86.ActiveCfg = Debug|Win32
		{B0C1B8BB-2A73-403B-8830-417A3CD95A43}.Debug|x86.Build.0 = Debug|Win32
		{B0C1B8BB-2A73-403B-8830-417A3CD95A43}.Release|x64.ActiveCfg = Release|x64
		{B0C1B8BB-2A73-403B-8830-417A3CD95A43}.Release|x64.Build.0 = Release|x64
		{B0C1B8BB-2A73-403B-8830-417A3CD95A43}.Release|x86.ActiveCfg = Release|Win32
		{B0C1B8BB-2A73-403B-8830-417A3CD95A43}.Release|x86.Build.0 = Release|Win32
	EndGlobalSection
	GlobalSection(SolutionProperties) = preSolution
		HideSolutionNode = FALSE
	EndGlobalSection
	GlobalSection(ExtensibilityGlobals) = postSolution
		SolutionGuid = {7F99F0AE-834D-4E2D-94C0-E98A8EB21A97}
	EndGlobalSection
EndGlobal
